{
    "_readme": [
        "This file locks the dependencies of your project to a known state",
        "Read more about it at https://getcomposer.org/doc/01-basic-usage.md#installing-dependencies",
        "This file is @generated automatically"
    ],
    "content-hash": "35a82be275cc597bb2b68aeb8c5f4149",
    "packages": [
        {
            "name": "aditum-payments/aditum-api-sdk-php",
            "version": "v2.7.6",
            "source": {
                "type": "git",
                "url": "https://github.com/aditum-payments/aditum-api-sdk-php.git",
                "reference": "9d683179e44eadbc4effead33e5ac44d6dcd4594"
            },
            "dist": {
                "type": "zip",
                "url": "https://api.github.com/repos/aditum-payments/aditum-api-sdk-php/zipball/9d683179e44eadbc4effead33e5ac44d6dcd4594",
                "reference": "9d683179e44eadbc4effead33e5ac44d6dcd4594",
                "shasum": ""
            },
            "require": {
                "ext-curl": "*",
                "lib-curl": "*",
                "lib-openssl": "*",
                "php": "^7.1.3"
            },
            "require-dev": {
                "phpunit/phpunit": "^9.5"
            },
            "type": "library",
            "autoload": {
                "psr-4": {
                    "AditumPayments\\ApiSDK\\": "src"
                }
            },
            "notification-url": "https://packagist.org/downloads/",
            "license": [
                "GPL-3.0-or-later"
            ],
            "authors": [
                {
                    "name": "Nibble One",
                    "email": "jackson.garcia@nibbleone.com.br",
                    "role": "developer"
                }
            ],
            "description": "Biblioteca de integração com a Aditum",
            "keywords": [
                "acquirer",
                "aditum",
                "aditumpay",
                "payment"
            ],
            "support": {
                "issues": "https://github.com/aditum-payments/aditum-api-sdk-php/issues",
                "source": "https://github.com/aditum-payments/aditum-api-sdk-php/tree/v2.7.6"
            },
            "time": "2021-06-15T15:50:59+00:00"
        },
        {
            "name": "picqer/php-barcode-generator",
            "version": "v2.2.0",
            "source": {
                "type": "git",
                "url": "https://github.com/picqer/php-barcode-generator.git",
                "reference": "7df93b40099e5fefad055543320a36b80dccda05"
            },
            "dist": {
                "type": "zip",
                "url": "https://api.github.com/repos/picqer/php-barcode-generator/zipball/7df93b40099e5fefad055543320a36b80dccda05",
                "reference": "7df93b40099e5fefad055543320a36b80dccda05",
                "shasum": ""
            },
            "require": {
                "ext-mbstring": "*",
                "php": "^7.3|^8.0"
            },
            "require-dev": {
                "phpunit/phpunit": "^9.5"
            },
            "suggest": {
                "ext-bcmath": "Barcode IMB (Intelligent Mail Barcode) needs bcmath extension",
                "ext-gd": "For JPG and PNG generators, GD or Imagick is required",
                "ext-imagick": "For JPG and PNG generators, GD or Imagick is required"
            },
            "type": "library",
            "autoload": {
                "psr-4": {
                    "Picqer\\Barcode\\": "src"
                }
            },
            "notification-url": "https://packagist.org/downloads/",
            "license": [
                "LGPL-3.0-or-later"
            ],
            "authors": [
                {
                    "name": "Nicola Asuni",
                    "email": "info@tecnick.com",
                    "homepage": "http://nicolaasuni.tecnick.com"
                },
                {
                    "name": "Casper Bakker",
                    "email": "info@picqer.com",
                    "homepage": "https://picqer.com"
                }
            ],
            "description": "An easy to use, non-bloated, barcode generator in PHP. Creates SVG, PNG, JPG and HTML images from the most used 1D barcode standards.",
            "homepage": "https://github.com/picqer/php-barcode-generator",
            "keywords": [
                "CODABAR",
                "Code11",
                "Code93",
                "EAN13",
                "KIX",
                "KIXCODE",
                "MSI",
                "POSTNET",
                "Pharma",
                "Standard 2 of 5",
                "barcode",
                "barcode generator",
                "code128",
                "code39",
                "ean",
                "html",
                "jpeg",
                "jpg",
                "php",
                "png",
                "svg",
                "upc"
            ],
            "support": {
                "issues": "https://github.com/picqer/php-barcode-generator/issues",
                "source": "https://github.com/picqer/php-barcode-generator/tree/v2.2.0"
            },
            "funding": [
                {
                    "url": "https://github.com/casperbakker",
                    "type": "github"
                }
            ],
            "time": "2021-03-27T09:06:22+00:00"
        }
    ],
    "packages-dev": [],
    "aliases": [],
    "minimum-stability": "stable",
    "stability-flags": [],
    "prefer-stable": false,
    "prefer-lowest": false,
    "platform": [],
    "platform-dev": [],
    "plugin-api-version": "2.1.0"
}
